
Microsoft Visual Studio Solution File, Format Version 12.00
# Visual Studio Version 17
VisualStudioVersion = 17.12.35521.163 d17.12
MinimumVisualStudioVersion = 10.0.40219.1
Project("{54A90642-561A-4BB1-A94E-469ADEE60C69}") = "AngularSite", "AngularSite\AngularSite.esproj", "{6E4CD032-6C44-4AE8-BD7C-9CB5C2FBB272}"
EndProject
Global
	GlobalSection(SolutionConfigurationPlatforms) = preSolution
		Debug|Any CPU = Debug|Any CPU
		Release|Any CPU = Release|Any CPU
	EndGlobalSection
	GlobalSection(ProjectConfigurationPlatforms) = postSolution
		{6E4CD032-6C44-4AE8-BD7C-9CB5C2FBB272}.Debug|Any CPU.ActiveCfg = Debug|Any CPU
		{6E4CD032-6C44-4AE8-BD7C-9CB5C2FBB272}.Debug|Any CPU.Build.0 = Debug|Any CPU
		{6E4CD032-6C44-4AE8-BD7C-9CB5C2FBB272}.Debug|Any CPU.Deploy.0 = Debug|Any CPU
		{6E4CD032-6C44-4AE8-BD7C-9CB5C2FBB272}.Release|Any CPU.ActiveCfg = Release|Any CPU
		{6E4CD032-6C44-4AE8-BD7C-9CB5C2FBB272}.Release|Any CPU.Build.0 = Release|Any CPU
		{6E4CD032-6C44-4AE8-BD7C-9CB5C2FBB272}.Release|Any CPU.Deploy.0 = Release|Any CPU
	EndGlobalSection
	GlobalSection(SolutionProperties) = preSolution
		HideSolutionNode = FALSE
	EndGlobalSection
EndGlobal
